
Microsoft Visual Studio Solution File, Format Version 12.00
# Visual Studio Version 17
VisualStudioVersion = 17.0.31903.59
MinimumVisualStudioVersion = 10.0.40219.1
Project("{2150E333-8FDC-42A3-9474-1A3956D46DE8}") = "src", "src", "{BA1E5F53-F9ED-4BE6-953F-9D813D1EEDD8}"
EndProject
Project("{FAE04EC0-301F-11D3-BF4B-00C04F79EFBC}") = "SmartSwitcher", "src\SmartSwitcher\SmartSwitcher.csproj", "{EA11BACA-9664-437A-B5EB-F0F063F002A7}"
EndProject
Project("{2150E333-8FDC-42A3-9474-1A3956D46DE8}") = "tests", "tests", "{04391023-D49F-4040-A64E-F2C857811B36}"
EndProject
Project("{FAE04EC0-301F-11D3-BF4B-00C04F79EFBC}") = "SmartSwitcher.Tests", "tests\SmartSwitcher.Tests\SmartSwitcher.Tests.csproj", "{F6A6E3DB-BFC6-47DD-9CBE-46A6817D1304}"
EndProject
Global
	GlobalSection(SolutionConfigurationPlatforms) = preSolution
		Debug|Any CPU = Debug|Any CPU
		Release|Any CPU = Release|Any CPU
	EndGlobalSection
	GlobalSection(SolutionProperties) = preSolution
		HideSolutionNode = FALSE
	EndGlobalSection
	GlobalSection(ProjectConfigurationPlatforms) = postSolution
		{EA11BACA-9664-437A-B5EB-F0F063F002A7}.Debug|Any CPU.ActiveCfg = Debug|Any CPU
		{EA11BACA-9664-437A-B5EB-F0F063F002A7}.Debug|Any CPU.Build.0 = Debug|Any CPU
		{EA11BACA-9664-437A-B5EB-F0F063F002A7}.Release|Any CPU.ActiveCfg = Release|Any CPU
		{EA11BACA-9664-437A-B5EB-F0F063F002A7}.Release|Any CPU.Build.0 = Release|Any CPU
		{F6A6E3DB-BFC6-47DD-9CBE-46A6817D1304}.Debug|Any CPU.ActiveCfg = Debug|Any CPU
		{F6A6E3DB-BFC6-47DD-9CBE-46A6817D1304}.Debug|Any CPU.Build.0 = Debug|Any CPU
		{F6A6E3DB-BFC6-47DD-9CBE-46A6817D1304}.Release|Any CPU.ActiveCfg = Release|Any CPU
		{F6A6E3DB-BFC6-47DD-9CBE-46A6817D1304}.Release|Any CPU.Build.0 = Release|Any CPU
	EndGlobalSection
	GlobalSection(NestedProjects) = preSolution
		{EA11BACA-9664-437A-B5EB-F0F063F002A7} = {BA1E5F53-F9ED-4BE6-953F-9D813D1EEDD8}
		{F6A6E3DB-BFC6-47DD-9CBE-46A6817D1304} = {04391023-D49F-4040-A64E-F2C857811B36}
	EndGlobalSection
EndGlobal
